Microsoft Visual Studio Solution File, Format Version 12.00
# Visual Studio Version 17
VisualStudioVersion = 17.5.2.0
MinimumVisualStudioVersion = 10.0.40219.1
Project("{2150E333-8FDC-42A3-9474-1A3956D46DE8}") = "SistemaManosSolidarias", "SistemaManosSolidarias", "{DE01157C-97D5-C452-F7A8-3E4A69E34BC4}"
EndProject
Project("{FAE04EC0-301F-11D3-BF4B-00C04F79EFBC}") = "RegistroOngApp", "SistemaManosSolidarias\RegistroOngApp\RegistroOngApp.csproj", "{EEA34C8B-0FB4-DB7F-6858-99A09BCB4DF3}"
EndProject
Global
	GlobalSection(SolutionConfigurationPlatforms) = preSolution
		Debug|Any CPU = Debug|Any CPU
		Release|Any CPU = Release|Any CPU
	EndGlobalSection
	GlobalSection(ProjectConfigurationPlatforms) = postSolution
		{EEA34C8B-0FB4-DB7F-6858-99A09BCB4DF3}.Debug|Any CPU.ActiveCfg = Debug|Any CPU
		{EEA34C8B-0FB4-DB7F-6858-99A09BCB4DF3}.Debug|Any CPU.Build.0 = Debug|Any CPU
		{EEA34C8B-0FB4-DB7F-6858-99A09BCB4DF3}.Release|Any CPU.ActiveCfg = Release|Any CPU
		{EEA34C8B-0FB4-DB7F-6858-99A09BCB4DF3}.Release|Any CPU.Build.0 = Release|Any CPU
	EndGlobalSection
	GlobalSection(SolutionProperties) = preSolution
		HideSolutionNode = FALSE
	EndGlobalSection
	GlobalSection(NestedProjects) = preSolution
		{EEA34C8B-0FB4-DB7F-6858-99A09BCB4DF3} = {DE01157C-97D5-C452-F7A8-3E4A69E34BC4}
	EndGlobalSection
	GlobalSection(ExtensibilityGlobals) = postSolution
		SolutionGuid = {28C2AAE0-3479-4280-BF33-468D066502F5}
	EndGlobalSection
EndGlobal
